
Microsoft Visual Studio Solution File, Format Version 12.00
# Visual Studio 15
Project("{FAE04EC0-301F-11D3-BF4B-00C04F79EFBC}") = "Assembly-CSharp-firstpass", "Assembly-CSharp-firstpass.csproj", "{D91EBF61-C32F-0E7F-6197-47C2B1F19939}"
EndProject
Project("{FAE04EC0-301F-11D3-BF4B-00C04F79EFBC}") = "Assembly-CSharp", "Assembly-CSharp.csproj", "{6EA24667-C772-A209-5AC0-175E89C94F53}"
EndProject
Project("{FAE04EC0-301F-11D3-BF4B-00C04F79EFBC}") = "Assembly-CSharp-Editor-firstpass", "Assembly-CSharp-Editor-firstpass.csproj", "{D2B5B264-B624-5803-507E-FF9BD9146896}"
EndProject
Project("{FAE04EC0-301F-11D3-BF4B-00C04F79EFBC}") = "Assembly-CSharp-Editor", "Assembly-CSharp-Editor.csproj", "{AE0D1F53-6411-33B7-BCF4-DC1A8AB5EF88}"
EndProject
Global
	GlobalSection(SolutionConfigurationPlatforms) = preSolution
		Debug|Any CPU = Debug|Any CPU
		Release|Any CPU = Release|Any CPU
	EndGlobalSection
	GlobalSection(ProjectConfigurationPlatforms) = postSolution
		{D91EBF61-C32F-0E7F-6197-47C2B1F19939}.Debug|Any CPU.ActiveCfg = Debug|Any CPU
		{D91EBF61-C32F-0E7F-6197-47C2B1F19939}.Debug|Any CPU.Build.0 = Debug|Any CPU
		{D91EBF61-C32F-0E7F-6197-47C2B1F19939}.Release|Any CPU.ActiveCfg = Release|Any CPU
		{D91EBF61-C32F-0E7F-6197-47C2B1F19939}.Release|Any CPU.Build.0 = Release|Any CPU
		{6EA24667-C772-A209-5AC0-175E89C94F53}.Debug|Any CPU.ActiveCfg = Debug|Any CPU
		{6EA24667-C772-A209-5AC0-175E89C94F53}.Debug|Any CPU.Build.0 = Debug|Any CPU
		{6EA24667-C772-A209-5AC0-175E89C94F53}.Release|Any CPU.ActiveCfg = Release|Any CPU
		{6EA24667-C772-A209-5AC0-175E89C94F53}.Release|Any CPU.Build.0 = Release|Any CPU
		{D2B5B264-B624-5803-507E-FF9BD9146896}.Debug|Any CPU.ActiveCfg = Debug|Any CPU
		{D2B5B264-B624-5803-507E-FF9BD9146896}.Debug|Any CPU.Build.0 = Debug|Any CPU
		{D2B5B264-B624-5803-507E-FF9BD9146896}.Release|Any CPU.ActiveCfg = Release|Any CPU
		{D2B5B264-B624-5803-507E-FF9BD9146896}.Release|Any CPU.Build.0 = Release|Any CPU
		{AE0D1F53-6411-33B7-BCF4-DC1A8AB5EF88}.Debug|Any CPU.ActiveCfg = Debug|Any CPU
		{AE0D1F53-6411-33B7-BCF4-DC1A8AB5EF88}.Debug|Any CPU.Build.0 = Debug|Any CPU
		{AE0D1F53-6411-33B7-BCF4-DC1A8AB5EF88}.Release|Any CPU.ActiveCfg = Release|Any CPU
		{AE0D1F53-6411-33B7-BCF4-DC1A8AB5EF88}.Release|Any CPU.Build.0 = Release|Any CPU
	EndGlobalSection
	GlobalSection(SolutionProperties) = preSolution
		HideSolutionNode = FALSE
	EndGlobalSection
EndGlobal
